// !$*UTF8*$!
{
	archiveVersion = 1;
	classes = {
	};
	objectVersion = 46;
	objects = {

/* Begin PBXBuildFile section */
		4E908AEEACDF49E28B3408C4 /* libPods.a in Frameworks */ = {isa = PBXBuildFile; fileRef = F04A8D4A74A74AFA84025C06 /* libPods.a */; };
		7208119619B0C5C6009D91E1 /* SponsorViewController.m in Sources */ = {isa = PBXBuildFile; fileRef = 7208119519B0C5C6009D91E1 /* SponsorViewController.m */; };
		720811AD19B0C6ED009D91E1 /* MZAppearance.m in Sources */ = {isa = PBXBuildFile; fileRef = 7208119C19B0C6ED009D91E1 /* MZAppearance.m */; };
		720811AE19B0C6ED009D91E1 /* NSInvocation+Copy.m in Sources */ = {isa = PBXBuildFile; fileRef = 7208119E19B0C6ED009D91E1 /* NSInvocation+Copy.m */; };
		720811AF19B0C6ED009D91E1 /* MZFormSheetBackgroundWindow.m in Sources */ = {isa = PBXBuildFile; fileRef = 720811A019B0C6ED009D91E1 /* MZFormSheetBackgroundWindow.m */; };
		720811B019B0C6ED009D91E1 /* MZFormSheetBackgroundWindowViewController.m in Sources */ = {isa = PBXBuildFile; fileRef = 720811A219B0C6ED009D91E1 /* MZFormSheetBackgroundWindowViewController.m */; };
		720811B119B0C6ED009D91E1 /* MZFormSheetController.m in Sources */ = {isa = PBXBuildFile; fileRef = 720811A419B0C6ED009D91E1 /* MZFormSheetController.m */; };
		720811B219B0C6ED009D91E1 /* MZFormSheetSegue.m in Sources */ = {isa = PBXBuildFile; fileRef = 720811A619B0C6ED009D91E1 /* MZFormSheetSegue.m */; };
		720811B319B0C6ED009D91E1 /* MZTransition.m in Sources */ = {isa = PBXBuildFile; fileRef = 720811A819B0C6ED009D91E1 /* MZTransition.m */; };
		720811B419B0C6ED009D91E1 /* UIImage+Additional.m in Sources */ = {isa = PBXBuildFile; fileRef = 720811AA19B0C6ED009D91E1 /* UIImage+Additional.m */; };
		720811B519B0C6ED009D91E1 /* UIViewController+TargetViewController.m in Sources */ = {isa = PBXBuildFile; fileRef = 720811AC19B0C6ED009D91E1 /* UIViewController+TargetViewController.m */; };
		720811B819B0CB5A009D91E1 /* MapViewController.m in Sources */ = {isa = PBXBuildFile; fileRef = 720811B719B0CB5A009D91E1 /* MapViewController.m */; };
		720811BA19B0D6A2009D91E1 /* Files in Resources */ = {isa = PBXBuildFile; fileRef = 720811B919B0D6A2009D91E1 /* Files */; };
		725F27EC19B09CE6005FE5BD /* ScheduleCell.xib in Resources */ = {isa = PBXBuildFile; fileRef = 725F27EB19B09CE6005FE5BD /* ScheduleCell.xib */; };
		72817A6E19AE52F700446FD9 /* PresentationViewController.m in Sources */ = {isa = PBXBuildFile; fileRef = 72817A6D19AE52F700446FD9 /* PresentationViewController.m */; };
		72817A7019AE5CE100446FD9 /* QuartzCore.framework in Frameworks */ = {isa = PBXBuildFile; fileRef = 72817A6F19AE5CE100446FD9 /* QuartzCore.framework */; };
		72817A8519AE6A1500446FD9 /* Defines.m in Sources */ = {isa = PBXBuildFile; fileRef = 72817A8019AE6A1500446FD9 /* Defines.m */; };
		72817A8619AE6A1500446FD9 /* Extensions.m in Sources */ = {isa = PBXBuildFile; fileRef = 72817A8219AE6A1500446FD9 /* Extensions.m */; };
		72817A8719AE6A1500446FD9 /* Utils.m in Sources */ = {isa = PBXBuildFile; fileRef = 72817A8419AE6A1500446FD9 /* Utils.m */; };
		729E851F19AE6E000057DF1C /* HomeTableViewCell.m in Sources */ = {isa = PBXBuildFile; fileRef = 729E851E19AE6E000057DF1C /* HomeTableViewCell.m */; };
		729E852419AF72910057DF1C /* WebPages in Resources */ = {isa = PBXBuildFile; fileRef = 729E852319AF72910057DF1C /* WebPages */; };
		729E852719AF782E0057DF1C /* CMEPUtils.m in Sources */ = {isa = PBXBuildFile; fileRef = 729E852619AF782E0057DF1C /* CMEPUtils.m */; };
		729E852A19AF89AB0057DF1C /* PresentationAboutViewController.m in Sources */ = {isa = PBXBuildFile; fileRef = 729E852919AF89AB0057DF1C /* PresentationAboutViewController.m */; };
		729E852D19AFA7B20057DF1C /* ScheduleViewController.m in Sources */ = {isa = PBXBuildFile; fileRef = 729E852C19AFA7B20057DF1C /* ScheduleViewController.m */; };
		729E853119AFB0910057DF1C /* ScheduleModel.m in Sources */ = {isa = PBXBuildFile; fileRef = 729E853019AFB0910057DF1C /* ScheduleModel.m */; };
		729E853419AFB0BA0057DF1C /* ScheduleCell.m in Sources */ = {isa = PBXBuildFile; fileRef = 729E853319AFB0BA0057DF1C /* ScheduleCell.m */; };
		729E853719AFB5760057DF1C /* ScheduleBallonView.m in Sources */ = {isa = PBXBuildFile; fileRef = 729E853619AFB5760057DF1C /* ScheduleBallonView.m */; };
		729E853919AFB5890057DF1C /* ScheduleBallonView.xib in Resources */ = {isa = PBXBuildFile; fileRef = 729E853819AFB5890057DF1C /* ScheduleBallonView.xib */; };
		729E853D19AFB9820057DF1C /* arrow.png in Resources */ = {isa = PBXBuildFile; fileRef = 729E853A19AFB9820057DF1C /* arrow.png */; };
		729E853E19AFB9820057DF1C /* base_ballon.png in Resources */ = {isa = PBXBuildFile; fileRef = 729E853B19AFB9820057DF1C /* base_ballon.png */; };
		729E853F19AFB9820057DF1C /* top_ballon.png in Resources */ = {isa = PBXBuildFile; fileRef = 729E853C19AFB9820057DF1C /* top_ballon.png */; };
		729E854319AFC80A0057DF1C /* FakeModelManager.m in Sources */ = {isa = PBXBuildFile; fileRef = 729E854219AFC80A0057DF1C /* FakeModelManager.m */; };
		72B176E019AE277700F549C5 /* Foundation.framework in Frameworks */ = {isa = PBXBuildFile; fileRef = 72B176DF19AE277700F549C5 /* Foundation.framework */; };
		72B176E219AE277700F549C5 /* CoreGraphics.framework in Frameworks */ = {isa = PBXBuildFile; fileRef = 72B176E119AE277700F549C5 /* CoreGraphics.framework */; };
		72B176E419AE277700F549C5 /* UIKit.framework in Frameworks */ = {isa = PBXBuildFile; fileRef = 72B176E319AE277700F549C5 /* UIKit.framework */; };
		72B176EA19AE277700F549C5 /* InfoPlist.strings in Resources */ = {isa = PBXBuildFile; fileRef = 72B176E819AE277700F549C5 /* InfoPlist.strings */; };
		72B176EC19AE277700F549C5 /* main.m in Sources */ = {isa = PBXBuildFile; fileRef = 72B176EB19AE277700F549C5 /* main.m */; };
		72B176F019AE277700F549C5 /* AppDelegate.m in Sources */ = {isa = PBXBuildFile; fileRef = 72B176EF19AE277700F549C5 /* AppDelegate.m */; };
		72B176F319AE277700F549C5 /* Main_iPhone.storyboard in Resources */ = {isa = PBXBuildFile; fileRef = 72B176F119AE277700F549C5 /* Main_iPhone.storyboard */; };
		72B176F619AE277700F549C5 /* Main_iPad.storyboard in Resources */ = {isa = PBXBuildFile; fileRef = 72B176F419AE277700F549C5 /* Main_iPad.storyboard */; };
		72B176F919AE277700F549C5 /* ViewController.m in Sources */ = {isa = PBXBuildFile; fileRef = 72B176F819AE277700F549C5 /* ViewController.m */; };
		72B176FB19AE277700F549C5 /* Images.xcassets in Resources */ = {isa = PBXBuildFile; fileRef = 72B176FA19AE277700F549C5 /* Images.xcassets */; };
		72B1770219AE277700F549C5 /* XCTest.framework in Frameworks */ = {isa = PBXBuildFile; fileRef = 72B1770119AE277700F549C5 /* XCTest.framework */; };
		72B1770319AE277700F549C5 /* Foundation.framework in Frameworks */ = {isa = PBXBuildFile; fileRef = 72B176DF19AE277700F549C5 /* Foundation.framework */; };
		72B1770419AE277700F549C5 /* UIKit.framework in Frameworks */ = {isa = PBXBuildFile; fileRef = 72B176E319AE277700F549C5 /* UIKit.framework */; };
		72B1770C19AE277700F549C5 /* InfoPlist.strings in Resources */ = {isa = PBXBuildFile; fileRef = 72B1770A19AE277700F549C5 /* InfoPlist.strings */; };
		72B1770E19AE277700F549C5 /* CMEPTests.m in Sources */ = {isa = PBXBuildFile; fileRef = 72B1770D19AE277700F549C5 /* CMEPTests.m */; };
		72B1771F19AE406E00F549C5 /* IISideController.m in Sources */ = {isa = PBXBuildFile; fileRef = 72B1771A19AE406E00F549C5 /* IISideController.m */; };
		72B1772019AE406E00F549C5 /* IIViewDeckController.m in Sources */ = {isa = PBXBuildFile; fileRef = 72B1771C19AE406E00F549C5 /* IIViewDeckController.m */; };
		72B1772119AE406E00F549C5 /* IIWrapController.m in Sources */ = {isa = PBXBuildFile; fileRef = 72B1771E19AE406E00F549C5 /* IIWrapController.m */; };
		72B1772519AE41A500F549C5 /* HomeViewController.m in Sources */ = {isa = PBXBuildFile; fileRef = 72B1772419AE41A500F549C5 /* HomeViewController.m */; };
		72B1772819AE426F00F549C5 /* MenuViewController.m in Sources */ = {isa = PBXBuildFile; fileRef = 72B1772719AE426F00F549C5 /* MenuViewController.m */; };
		72B1773C19AE467D00F549C5 /* bg_menu@2x.png in Resources */ = {isa = PBXBuildFile; fileRef = 72B1772A19AE467D00F549C5 /* bg_menu@2x.png */; };
		72B1773D19AE467D00F549C5 /* bg_topo_home@2x.png in Resources */ = {isa = PBXBuildFile; fileRef = 72B1772B19AE467D00F549C5 /* bg_topo_home@2x.png */; };
		72B1773E19AE467D00F549C5 /* bg_topo_pag_conteudo@2x.png in Resources */ = {isa = PBXBuildFile; fileRef = 72B1772C19AE467D00F549C5 /* bg_topo_pag_conteudo@2x.png */; };
		72B1773F19AE467D00F549C5 /* btn_verde@2x.png in Resources */ = {isa = PBXBuildFile; fileRef = 72B1772D19AE467D00F549C5 /* btn_verde@2x.png */; };
		72B1774019AE467D00F549C5 /* icon_avaliacao@2x.png in Resources */ = {isa = PBXBuildFile; fileRef = 72B1772E19AE467D00F549C5 /* icon_avaliacao@2x.png */; };
		72B1774119AE467D00F549C5 /* icon_menu@2x.png in Resources */ = {isa = PBXBuildFile; fileRef = 72B1772F19AE467D00F549C5 /* icon_menu@2x.png */; };
		72B1774219AE467D00F549C5 /* icon_menu_white@2x.png in Resources */ = {isa = PBXBuildFile; fileRef = 72B1773019AE467D00F549C5 /* icon_menu_white@2x.png */; };
		72B1774319AE467D00F549C5 /* icon_networking@2x.png in Resources */ = {isa = PBXBuildFile; fileRef = 72B1773119AE467D00F549C5 /* icon_networking@2x.png */; };
		72B1774419AE467D00F549C5 /* icon_palestrantes@2x.png in Resources */ = {isa = PBXBuildFile; fileRef = 72B1773219AE467D00F549C5 /* icon_palestrantes@2x.png */; };
		72B1774519AE467D00F549C5 /* icon_programacao@2x.png in Resources */ = {isa = PBXBuildFile; fileRef = 72B1773319AE467D00F549C5 /* icon_programacao@2x.png */; };
		72B1774619AE467D00F549C5 /* icon_voltar@2x.png in Resources */ = {isa = PBXBuildFile; fileRef = 72B1773419AE467D00F549C5 /* icon_voltar@2x.png */; };
		72B1774719AE467D00F549C5 /* logo_abecs@2x.png in Resources */ = {isa = PBXBuildFile; fileRef = 72B1773519AE467D00F549C5 /* logo_abecs@2x.png */; };
		72B1774819AE467D00F549C5 /* logo_abecs_apresentacao@2x.png in Resources */ = {isa = PBXBuildFile; fileRef = 72B1773619AE467D00F549C5 /* logo_abecs_apresentacao@2x.png */; };
		72B1774919AE467D00F549C5 /* logo_abecs_pag_conteudo@2x.png in Resources */ = {isa = PBXBuildFile; fileRef = 72B1773719AE467D00F549C5 /* logo_abecs_pag_conteudo@2x.png */; };
		72B1774A19AE467D00F549C5 /* logo_cmep@2x.png in Resources */ = {isa = PBXBuildFile; fileRef = 72B1773819AE467D00F549C5 /* logo_cmep@2x.png */; };
		72B1774B19AE467D00F549C5 /* logo_cmep_pag_apresentacao@2x.png in Resources */ = {isa = PBXBuildFile; fileRef = 72B1773919AE467D00F549C5 /* logo_cmep_pag_apresentacao@2x.png */; };
		72B1774C19AE467D00F549C5 /* seta_menu@2x.png in Resources */ = {isa = PBXBuildFile; fileRef = 72B1773A19AE467D00F549C5 /* seta_menu@2x.png */; };
		72B1774D19AE467D00F549C5 /* sombra@2x.png in Resources */ = {isa = PBXBuildFile; fileRef = 72B1773B19AE467D00F549C5 /* sombra@2x.png */; };
		72BEE26219B0A2780075AE36 /* BallonTextContainer.xib in Resources */ = {isa = PBXBuildFile; fileRef = 72BEE26119B0A2780075AE36 /* BallonTextContainer.xib */; };
		72BEE26519B0A30D0075AE36 /* BallonTextContainer.m in Sources */ = {isa = PBXBuildFile; fileRef = 72BEE26419B0A30D0075AE36 /* BallonTextContainer.m */; };
		72BEE26819B0B0E70075AE36 /* InformationsViewController.m in Sources */ = {isa = PBXBuildFile; fileRef = 72BEE26719B0B0E70075AE36 /* InformationsViewController.m */; };
		72BEE26B19B0B21F0075AE36 /* InformationTableViewCell.m in Sources */ = {isa = PBXBuildFile; fileRef = 72BEE26A19B0B21F0075AE36 /* InformationTableViewCell.m */; };
/* End PBXBuildFile section */

/* Begin PBXContainerItemProxy section */
		72B1770519AE277700F549C5 /* PBXContainerItemProxy */ = {
			isa = PBXContainerItemProxy;
			containerPortal = 72B176D419AE277700F549C5 /* Project object */;
			proxyType = 1;
			remoteGlobalIDString = 72B176DB19AE277700F549C5;
			remoteInfo = CMEP;
		};
/* End PBXContainerItemProxy section */

/* Begin PBXFileReference section */
		7208119419B0C5C6009D91E1 /* SponsorViewController.h */ = {isa = PBXFileReference; fileEncoding = 4; lastKnownFileType = sourcecode.c.h; name = SponsorViewController.h; path = CMEP/ViewsControllers/SponsorViewController.h; sourceTree = "<group>"; };
		7208119519B0C5C6009D91E1 /* SponsorViewController.m */ = {isa = PBXFileReference; fileEncoding = 4; lastKnownFileType = sourcecode.c.objc; name = SponsorViewController.m; path = CMEP/ViewsControllers/SponsorViewController.m; sourceTree = "<group>"; };
		7208119B19B0C6ED009D91E1 /* MZAppearance.h */ = {isa = PBXFileReference; fileEncoding = 4; lastKnownFileType = sourcecode.c.h; path = MZAppearance.h; sourceTree = "<group>"; };
		7208119C19B0C6ED009D91E1 /* MZAppearance.m */ = {isa = PBXFileReference; fileEncoding = 4; lastKnownFileType = sourcecode.c.objc; path = MZAppearance.m; sourceTree = "<group>"; };
		7208119D19B0C6ED009D91E1 /* NSInvocation+Copy.h */ = {isa = PBXFileReference; fileEncoding = 4; lastKnownFileType = sourcecode.c.h; path = "NSInvocation+Copy.h"; sourceTree = "<group>"; };
		7208119E19B0C6ED009D91E1 /* NSInvocation+Copy.m */ = {isa = PBXFileReference; fileEncoding = 4; lastKnownFileType = sourcecode.c.objc; path = "NSInvocation+Copy.m"; sourceTree = "<group>"; };
		7208119F19B0C6ED009D91E1 /* MZFormSheetBackgroundWindow.h */ = {isa = PBXFileReference; fileEncoding = 4; lastKnownFileType = sourcecode.c.h; path = MZFormSheetBackgroundWindow.h; sourceTree = "<group>"; };
		720811A019B0C6ED009D91E1 /* MZFormSheetBackgroundWindow.m */ = {isa = PBXFileReference; fileEncoding = 4; lastKnownFileType = sourcecode.c.objc; path = MZFormSheetBackgroundWindow.m; sourceTree = "<group>"; };
		720811A119B0C6ED009D91E1 /* MZFormSheetBackgroundWindowViewController.h */ = {isa = PBXFileReference; fileEncoding = 4; lastKnownFileType = sourcecode.c.h; path = MZFormSheetBackgroundWindowViewController.h; sourceTree = "<group>"; };
		720811A219B0C6ED009D91E1 /* MZFormSheetBackgroundWindowViewController.m */ = {isa = PBXFileReference; fileEncoding = 4; lastKnownFileType = sourcecode.c.objc; path = MZFormSheetBackgroundWindowViewController.m; sourceTree = "<group>"; };
		720811A319B0C6ED009D91E1 /* MZFormSheetController.h */ = {isa = PBXFileReference; fileEncoding = 4; lastKnownFileType = sourcecode.c.h; path = MZFormSheetController.h; sourceTree = "<group>"; };
		720811A419B0C6ED009D91E1 /* MZFormSheetController.m */ = {isa = PBXFileReference; fileEncoding = 4; lastKnownFileType = sourcecode.c.objc; path = MZFormSheetController.m; sourceTree = "<group>"; };
		720811A519B0C6ED009D91E1 /* MZFormSheetSegue.h */ = {isa = PBXFileReference; fileEncoding = 4; lastKnownFileType = sourcecode.c.h; path = MZFormSheetSegue.h; sourceTree = "<group>"; };
		720811A619B0C6ED009D91E1 /* MZFormSheetSegue.m */ = {isa = PBXFileReference; fileEncoding = 4; lastKnownFileType = sourcecode.c.objc; path = MZFormSheetSegue.m; sourceTree = "<group>"; };
		720811A719B0C6ED009D91E1 /* MZTransition.h */ = {isa = PBXFileReference; fileEncoding = 4; lastKnownFileType = sourcecode.c.h; path = MZTransition.h; sourceTree = "<group>"; };
		720811A819B0C6ED009D91E1 /* MZTransition.m */ = {isa = PBXFileReference; fileEncoding = 4; lastKnownFileType = sourcecode.c.objc; path = MZTransition.m; sourceTree = "<group>"; };
		720811A919B0C6ED009D91E1 /* UIImage+Additional.h */ = {isa = PBXFileReference; fileEncoding = 4; lastKnownFileType = sourcecode.c.h; path = "UIImage+Additional.h"; sourceTree = "<group>"; };
		720811AA19B0C6ED009D91E1 /* UIImage+Additional.m */ = {isa = PBXFileReference; fileEncoding = 4; lastKnownFileType = sourcecode.c.objc; path = "UIImage+Additional.m"; sourceTree = "<group>"; };
		720811AB19B0C6ED009D91E1 /* UIViewController+TargetViewController.h */ = {isa = PBXFileReference; fileEncoding = 4; lastKnownFileType = sourcecode.c.h; path = "UIViewController+TargetViewController.h"; sourceTree = "<group>"; };
		720811AC19B0C6ED009D91E1 /* UIViewController+TargetViewController.m */ = {isa = PBXFileReference; fileEncoding = 4; lastKnownFileType = sourcecode.c.objc; path = "UIViewController+TargetViewController.m"; sourceTree = "<group>"; };
		720811B619B0CB5A009D91E1 /* MapViewController.h */ = {isa = PBXFileReference; fileEncoding = 4; lastKnownFileType = sourcecode.c.h; name = MapViewController.h; path = CMEP/ViewsControllers/MapViewController.h; sourceTree = "<group>"; };
		720811B719B0CB5A009D91E1 /* MapViewController.m */ = {isa = PBXFileReference; fileEncoding = 4; lastKnownFileType = sourcecode.c.objc; name = MapViewController.m; path = CMEP/ViewsControllers/MapViewController.m; sourceTree = "<group>"; };
		720811B919B0D6A2009D91E1 /* Files */ = {isa = PBXFileReference; lastKnownFileType = folder; name = Files; path = CMEP/Files; sourceTree = "<group>"; };
		725F27EB19B09CE6005FE5BD /* ScheduleCell.xib */ = {isa = PBXFileReference; fileEncoding = 4; lastKnownFileType = file.xib; name = ScheduleCell.xib; path = CMEP/Views/ScheduleCell.xib; sourceTree = "<group>"; };
		72817A6C19AE52F700446FD9 /* PresentationViewController.h */ = {isa = PBXFileReference; fileEncoding = 4; lastKnownFileType = sourcecode.c.h; name = PresentationViewController.h; path = CMEP/ViewsControllers/PresentationViewController.h; sourceTree = "<group>"; };
		72817A6D19AE52F700446FD9 /* PresentationViewController.m */ = {isa = PBXFileReference; fileEncoding = 4; lastKnownFileType = sourcecode.c.objc; name = PresentationViewController.m; path = CMEP/ViewsControllers/PresentationViewController.m; sourceTree = "<group>"; };
		72817A6F19AE5CE100446FD9 /* QuartzCore.framework */ = {isa = PBXFileReference; lastKnownFileType = wrapper.framework; name = QuartzCore.framework; path = System/Library/Frameworks/QuartzCore.framework; sourceTree = SDKROOT; };
		72817A7F19AE6A1500446FD9 /* Defines.h */ = {isa = PBXFileReference; fileEncoding = 4; lastKnownFileType = sourcecode.c.h; path = Defines.h; sourceTree = "<group>"; };
		72817A8019AE6A1500446FD9 /* Defines.m */ = {isa = PBXFileReference; fileEncoding = 4; lastKnownFileType = sourcecode.c.objc; path = Defines.m; sourceTree = "<group>"; };
		72817A8119AE6A1500446FD9 /* Extensions.h */ = {isa = PBXFileReference; fileEncoding = 4; lastKnownFileType = sourcecode.c.h; path = Extensions.h; sourceTree = "<group>"; };
		72817A8219AE6A1500446FD9 /* Extensions.m */ = {isa = PBXFileReference; fileEncoding = 4; lastKnownFileType = sourcecode.c.objc; path = Extensions.m; sourceTree = "<group>"; };
		72817A8319AE6A1500446FD9 /* Utils.h */ = {isa = PBXFileReference; fileEncoding = 4; lastKnownFileType = sourcecode.c.h; path = Utils.h; sourceTree = "<group>"; };
		72817A8419AE6A1500446FD9 /* Utils.m */ = {isa = PBXFileReference; fileEncoding = 4; lastKnownFileType = sourcecode.c.objc; path = Utils.m; sourceTree = "<group>"; };
		729E851D19AE6E000057DF1C /* HomeTableViewCell.h */ = {isa = PBXFileReference; fileEncoding = 4; lastKnownFileType = sourcecode.c.h; name = HomeTableViewCell.h; path = CMEP/Views/HomeTableViewCell.h; sourceTree = "<group>"; };
		729E851E19AE6E000057DF1C /* HomeTableViewCell.m */ = {isa = PBXFileReference; fileEncoding = 4; lastKnownFileType = sourcecode.c.objc; name = HomeTableViewCell.m; path = CMEP/Views/HomeTableViewCell.m; sourceTree = "<group>"; };
		729E852319AF72910057DF1C /* WebPages */ = {isa = PBXFileReference; lastKnownFileType = folder; name = WebPages; path = CMEP/WebPages; sourceTree = "<group>"; };
		729E852519AF782E0057DF1C /* CMEPUtils.h */ = {isa = PBXFileReference; fileEncoding = 4; lastKnownFileType = sourcecode.c.h; path = CMEPUtils.h; sourceTree = "<group>"; };
		729E852619AF782E0057DF1C /* CMEPUtils.m */ = {isa = PBXFileReference; fileEncoding = 4; lastKnownFileType = sourcecode.c.objc; path = CMEPUtils.m; sourceTree = "<group>"; };
		729E852819AF89AB0057DF1C /* PresentationAboutViewController.h */ = {isa = PBXFileReference; fileEncoding = 4; lastKnownFileType = sourcecode.c.h; name = PresentationAboutViewController.h; path = CMEP/ViewsControllers/PresentationAboutViewController.h; sourceTree = "<group>"; };
		729E852919AF89AB0057DF1C /* PresentationAboutViewController.m */ = {isa = PBXFileReference; fileEncoding = 4; lastKnownFileType = sourcecode.c.objc; name = PresentationAboutViewController.m; path = CMEP/ViewsControllers/PresentationAboutViewController.m; sourceTree = "<group>"; };
		729E852B19AFA7B20057DF1C /* ScheduleViewController.h */ = {isa = PBXFileReference; fileEncoding = 4; lastKnownFileType = sourcecode.c.h; name = ScheduleViewController.h; path = CMEP/ViewsControllers/ScheduleViewController.h; sourceTree = "<group>"; };
		729E852C19AFA7B20057DF1C /* ScheduleViewController.m */ = {isa = PBXFileReference; fileEncoding = 4; lastKnownFileType = sourcecode.c.objc; name = ScheduleViewController.m; path = CMEP/ViewsControllers/ScheduleViewController.m; sourceTree = "<group>"; };
		729E852F19AFB0910057DF1C /* ScheduleModel.h */ = {isa = PBXFileReference; fileEncoding = 4; lastKnownFileType = sourcecode.c.h; name = ScheduleModel.h; path = CMEP/Models/ScheduleModel.h; sourceTree = "<group>"; };
		729E853019AFB0910057DF1C /* ScheduleModel.m */ = {isa = PBXFileReference; fileEncoding = 4; lastKnownFileType = sourcecode.c.objc; name = ScheduleModel.m; path = CMEP/Models/ScheduleModel.m; sourceTree = "<group>"; };
		729E853219AFB0BA0057DF1C /* ScheduleCell.h */ = {isa = PBXFileReference; fileEncoding = 4; lastKnownFileType = sourcecode.c.h; name = ScheduleCell.h; path = CMEP/Views/ScheduleCell.h; sourceTree = "<group>"; };
		729E853319AFB0BA0057DF1C /* ScheduleCell.m */ = {isa = PBXFileReference; fileEncoding = 4; lastKnownFileType = sourcecode.c.objc; name = ScheduleCell.m; path = CMEP/Views/ScheduleCell.m; sourceTree = "<group>"; };
		729E853519AFB5760057DF1C /* ScheduleBallonView.h */ = {isa = PBXFileReference; fileEncoding = 4; lastKnownFileType = sourcecode.c.h; name = ScheduleBallonView.h; path = CMEP/Views/ScheduleBallonView.h; sourceTree = "<group>"; };
		729E853619AFB5760057DF1C /* ScheduleBallonView.m */ = {isa = PBXFileReference; fileEncoding = 4; lastKnownFileType = sourcecode.c.objc; name = ScheduleBallonView.m; path = CMEP/Views/ScheduleBallonView.m; sourceTree = "<group>"; };
		729E853819AFB5890057DF1C /* ScheduleBallonView.xib */ = {isa = PBXFileReference; fileEncoding = 4; lastKnownFileType = file.xib; name = ScheduleBallonView.xib; path = CMEP/Views/ScheduleBallonView.xib; sourceTree = "<group>"; };
		729E853A19AFB9820057DF1C /* arrow.png */ = {isa = PBXFileReference; lastKnownFileType = image.png; path = arrow.png; sourceTree = "<group>"; };
		729E853B19AFB9820057DF1C /* base_ballon.png */ = {isa = PBXFileReference; lastKnownFileType = image.png; path = base_ballon.png; sourceTree = "<group>"; };
		729E853C19AFB9820057DF1C /* top_ballon.png */ = {isa = PBXFileReference; lastKnownFileType = image.png; path = top_ballon.png; sourceTree = "<group>"; };
		729E854119AFC80A0057DF1C /* FakeModelManager.h */ = {isa = PBXFileReference; fileEncoding = 4; lastKnownFileType = sourcecode.c.h; name = FakeModelManager.h; path = CMEP/Manager/FakeModelManager.h; sourceTree = "<group>"; };
		729E854219AFC80A0057DF1C /* FakeModelManager.m */ = {isa = PBXFileReference; fileEncoding = 4; lastKnownFileType = sourcecode.c.objc; name = FakeModelManager.m; path = CMEP/Manager/FakeModelManager.m; sourceTree = "<group>"; };
		72B176DC19AE277700F549C5 /* CMEP.app */ = {isa = PBXFileReference; explicitFileType = wrapper.application; includeInIndex = 0; path = CMEP.app; sourceTree = BUILT_PRODUCTS_DIR; };
		72B176DF19AE277700F549C5 /* Foundation.framework */ = {isa = PBXFileReference; lastKnownFileType = wrapper.framework; name = Foundation.framework; path = System/Library/Frameworks/Foundation.framework; sourceTree = SDKROOT; };
		72B176E119AE277700F549C5 /* CoreGraphics.framework */ = {isa = PBXFileReference; lastKnownFileType = wrapper.framework; name = CoreGraphics.framework; path = System/Library/Frameworks/CoreGraphics.framework; sourceTree = SDKROOT; };
		72B176E319AE277700F549C5 /* UIKit.framework */ = {isa = PBXFileReference; lastKnownFileType = wrapper.framework; name = UIKit.framework; path = System/Library/Frameworks/UIKit.framework; sourceTree = SDKROOT; };
		72B176E719AE277700F549C5 /* CMEP-Info.plist */ = {isa = PBXFileReference; lastKnownFileType = text.plist.xml; path = "CMEP-Info.plist"; sourceTree = "<group>"; };
		72B176E919AE277700F549C5 /* en */ = {isa = PBXFileReference; lastKnownFileType = text.plist.strings; name = en; path = en.lproj/InfoPlist.strings; sourceTree = "<group>"; };
		72B176EB19AE277700F549C5 /* main.m */ = {isa = PBXFileReference; lastKnownFileType = sourcecode.c.objc; path = main.m; sourceTree = "<group>"; };
		72B176ED19AE277700F549C5 /* CMEP-Prefix.pch */ = {isa = PBXFileReference; lastKnownFileType = sourcecode.c.h; path = "CMEP-Prefix.pch"; sourceTree = "<group>"; };
		72B176EE19AE277700F549C5 /* AppDelegate.h */ = {isa = PBXFileReference; lastKnownFileType = sourcecode.c.h; path = AppDelegate.h; sourceTree = "<group>"; };
		72B176EF19AE277700F549C5 /* AppDelegate.m */ = {isa = PBXFileReference; lastKnownFileType = sourcecode.c.objc; path = AppDelegate.m; sourceTree = "<group>"; };
		72B176F219AE277700F549C5 /* Base */ = {isa = PBXFileReference; lastKnownFileType = file.storyboard; name = Base; path = Base.lproj/Main_iPhone.storyboard; sourceTree = "<group>"; };
		72B176F519AE277700F549C5 /* Base */ = {isa = PBXFileReference; lastKnownFileType = file.storyboard; name = Base; path = Base.lproj/Main_iPad.storyboard; sourceTree = "<group>"; };
		72B176F719AE277700F549C5 /* ViewController.h */ = {isa = PBXFileReference; lastKnownFileType = sourcecode.c.h; path = ViewController.h; sourceTree = "<group>"; };
		72B176F819AE277700F549C5 /* ViewController.m */ = {isa = PBXFileReference; lastKnownFileType = sourcecode.c.objc; path = ViewController.m; sourceTree = "<group>"; };
		72B176FA19AE277700F549C5 /* Images.xcassets */ = {isa = PBXFileReference; lastKnownFileType = folder.assetcatalog; path = Images.xcassets; sourceTree = "<group>"; };
		72B1770019AE277700F549C5 /* CMEPTests.xctest */ = {isa = PBXFileReference; explicitFileType = wrapper.cfbundle; includeInIndex = 0; path = CMEPTests.xctest; sourceTree = BUILT_PRODUCTS_DIR; };
		72B1770119AE277700F549C5 /* XCTest.framework */ = {isa = PBXFileReference; lastKnownFileType = wrapper.framework; name = XCTest.framework; path = Library/Frameworks/XCTest.framework; sourceTree = DEVELOPER_DIR; };
		72B1770919AE277700F549C5 /* CMEPTests-Info.plist */ = {isa = PBXFileReference; lastKnownFileType = text.plist.xml; path = "CMEPTests-Info.plist"; sourceTree = "<group>"; };
		72B1770B19AE277700F549C5 /* en */ = {isa = PBXFileReference; lastKnownFileType = text.plist.strings; name = en; path = en.lproj/InfoPlist.strings; sourceTree = "<group>"; };
		72B1770D19AE277700F549C5 /* CMEPTests.m */ = {isa = PBXFileReference; lastKnownFileType = sourcecode.c.objc; path = CMEPTests.m; sourceTree = "<group>"; };
		72B1771919AE406E00F549C5 /* IISideController.h */ = {isa = PBXFileReference; fileEncoding = 4; lastKnownFileType = sourcecode.c.h; path = IISideController.h; sourceTree = "<group>"; };
		72B1771A19AE406E00F549C5 /* IISideController.m */ = {isa = PBXFileReference; fileEncoding = 4; lastKnownFileType = sourcecode.c.objc; path = IISideController.m; sourceTree = "<group>"; };
		72B1771B19AE406E00F549C5 /* IIViewDeckController.h */ = {isa = PBXFileReference; fileEncoding = 4; lastKnownFileType = sourcecode.c.h; path = IIViewDeckController.h; sourceTree = "<group>"; };
		72B1771C19AE406E00F549C5 /* IIViewDeckController.m */ = {isa = PBXFileReference; fileEncoding = 4; lastKnownFileType = sourcecode.c.objc; path = IIViewDeckController.m; sourceTree = "<group>"; };
		72B1771D19AE406E00F549C5 /* IIWrapController.h */ = {isa = PBXFileReference; fileEncoding = 4; lastKnownFileType = sourcecode.c.h; path = IIWrapController.h; sourceTree = "<group>"; };
		72B1771E19AE406E00F549C5 /* IIWrapController.m */ = {isa = PBXFileReference; fileEncoding = 4; lastKnownFileType = sourcecode.c.objc; path = IIWrapController.m; sourceTree = "<group>"; };
		72B1772319AE41A500F549C5 /* HomeViewController.h */ = {isa = PBXFileReference; fileEncoding = 4; lastKnownFileType = sourcecode.c.h; name = HomeViewController.h; path = CMEP/ViewsControllers/HomeViewController.h; sourceTree = "<group>"; };
		72B1772419AE41A500F549C5 /* HomeViewController.m */ = {isa = PBXFileReference; fileEncoding = 4; lastKnownFileType = sourcecode.c.objc; name = HomeViewController.m; path = CMEP/ViewsControllers/HomeViewController.m; sourceTree = "<group>"; };
		72B1772619AE426F00F549C5 /* MenuViewController.h */ = {isa = PBXFileReference; fileEncoding = 4; lastKnownFileType = sourcecode.c.h; name = MenuViewController.h; path = CMEP/ViewsControllers/MenuViewController.h; sourceTree = "<group>"; };
		72B1772719AE426F00F549C5 /* MenuViewController.m */ = {isa = PBXFileReference; fileEncoding = 4; lastKnownFileType = sourcecode.c.objc; name = MenuViewController.m; path = CMEP/ViewsControllers/MenuViewController.m; sourceTree = "<group>"; };
		72B1772A19AE467D00F549C5 /* bg_menu@2x.png */ = {isa = PBXFileReference; lastKnownFileType = image.png; path = "bg_menu@2x.png"; sourceTree = "<group>"; };
		72B1772B19AE467D00F549C5 /* bg_topo_home@2x.png */ = {isa = PBXFileReference; lastKnownFileType = image.png; path = "bg_topo_home@2x.png"; sourceTree = "<group>"; };
		72B1772C19AE467D00F549C5 /* bg_topo_pag_conteudo@2x.png */ = {isa = PBXFileReference; lastKnownFileType = image.png; path = "bg_topo_pag_conteudo@2x.png"; sourceTree = "<group>"; };
		72B1772D19AE467D00F549C5 /* btn_verde@2x.png */ = {isa = PBXFileReference; lastKnownFileType = image.png; path = "btn_verde@2x.png"; sourceTree = "<group>"; };
		72B1772E19AE467D00F549C5 /* icon_avaliacao@2x.png */ = {isa = PBXFileReference; lastKnownFileType = image.png; path = "icon_avaliacao@2x.png"; sourceTree = "<group>"; };
		72B1772F19AE467D00F549C5 /* icon_menu@2x.png */ = {isa = PBXFileReference; lastKnownFileType = image.png; path = "icon_menu@2x.png"; sourceTree = "<group>"; };
		72B1773019AE467D00F549C5 /* icon_menu_white@2x.png */ = {isa = PBXFileReference; lastKnownFileType = image.png; path = "icon_menu_white@2x.png"; sourceTree = "<group>"; };
		72B1773119AE467D00F549C5 /* icon_networking@2x.png */ = {isa = PBXFileReference; lastKnownFileType = image.png; path = "icon_networking@2x.png"; sourceTree = "<group>"; };
		72B1773219AE467D00F549C5 /* icon_palestrantes@2x.png */ = {isa = PBXFileReference; lastKnownFileType = image.png; path = "icon_palestrantes@2x.png"; sourceTree = "<group>"; };
		72B1773319AE467D00F549C5 /* icon_programacao@2x.png */ = {isa = PBXFileReference; lastKnownFileType = image.png; path = "icon_programacao@2x.png"; sourceTree = "<group>"; };
		72B1773419AE467D00F549C5 /* icon_voltar@2x.png */ = {isa = PBXFileReference; lastKnownFileType = image.png; path = "icon_voltar@2x.png"; sourceTree = "<group>"; };
		72B1773519AE467D00F549C5 /* logo_abecs@2x.png */ = {isa = PBXFileReference; lastKnownFileType = image.png; path = "logo_abecs@2x.png"; sourceTree = "<group>"; };
		72B1773619AE467D00F549C5 /* logo_abecs_apresentacao@2x.png */ = {isa = PBXFileReference; lastKnownFileType = image.png; path = "logo_abecs_apresentacao@2x.png"; sourceTree = "<group>"; };
		72B1773719AE467D00F549C5 /* logo_abecs_pag_conteudo@2x.png */ = {isa = PBXFileReference; lastKnownFileType = image.png; path = "logo_abecs_pag_conteudo@2x.png"; sourceTree = "<group>"; };
		72B1773819AE467D00F549C5 /* logo_cmep@2x.png */ = {isa = PBXFileReference; lastKnownFileType = image.png; path = "logo_cmep@2x.png"; sourceTree = "<group>"; };
		72B1773919AE467D00F549C5 /* logo_cmep_pag_apresentacao@2x.png */ = {isa = PBXFileReference; lastKnownFileType = image.png; path = "logo_cmep_pag_apresentacao@2x.png"; sourceTree = "<group>"; };
		72B1773A19AE467D00F549C5 /* seta_menu@2x.png */ = {isa = PBXFileReference; lastKnownFileType = image.png; path = "seta_menu@2x.png"; sourceTree = "<group>"; };
		72B1773B19AE467D00F549C5 /* sombra@2x.png */ = {isa = PBXFileReference; lastKnownFileType = image.png; path = "sombra@2x.png"; sourceTree = "<group>"; };
		72BEE26119B0A2780075AE36 /* BallonTextContainer.xib */ = {isa = PBXFileReference; fileEncoding = 4; lastKnownFileType = file.xib; name = BallonTextContainer.xib; path = CMEP/Views/BallonTextContainer.xib; sourceTree = "<group>"; };
		72BEE26319B0A30D0075AE36 /* BallonTextContainer.h */ = {isa = PBXFileReference; fileEncoding = 4; lastKnownFileType = sourcecode.c.h; name = BallonTextContainer.h; path = CMEP/Views/BallonTextContainer.h; sourceTree = "<group>"; };
		72BEE26419B0A30D0075AE36 /* BallonTextContainer.m */ = {isa = PBXFileReference; fileEncoding = 4; lastKnownFileType = sourcecode.c.objc; name = BallonTextContainer.m; path = CMEP/Views/BallonTextContainer.m; sourceTree = "<group>"; };
		72BEE26619B0B0E70075AE36 /* InformationsViewController.h */ = {isa = PBXFileReference; fileEncoding = 4; lastKnownFileType = sourcecode.c.h; name = InformationsViewController.h; path = CMEP/ViewsControllers/InformationsViewController.h; sourceTree = "<group>"; };
		72BEE26719B0B0E70075AE36 /* InformationsViewController.m */ = {isa = PBXFileReference; fileEncoding = 4; lastKnownFileType = sourcecode.c.objc; name = InformationsViewController.m; path = CMEP/ViewsControllers/InformationsViewController.m; sourceTree = "<group>"; };
		72BEE26919B0B21F0075AE36 /* InformationTableViewCell.h */ = {isa = PBXFileReference; fileEncoding = 4; lastKnownFileType = sourcecode.c.h; name = InformationTableViewCell.h; path = CMEP/Views/InformationTableViewCell.h; sourceTree = "<group>"; };
		72BEE26A19B0B21F0075AE36 /* InformationTableViewCell.m */ = {isa = PBXFileReference; fileEncoding = 4; lastKnownFileType = sourcecode.c.objc; name = InformationTableViewCell.m; path = CMEP/Views/InformationTableViewCell.m; sourceTree = "<group>"; };
		BCD35203496A47D9B7EEE6EA /* Pods.xcconfig */ = {isa = PBXFileReference; includeInIndex = 1; lastKnownFileType = text.xcconfig; name = Pods.xcconfig; path = Pods/Pods.xcconfig; sourceTree = "<group>"; };
		F04A8D4A74A74AFA84025C06 /* libPods.a */ = {isa = PBXFileReference; explicitFileType = archive.ar; includeInIndex = 0; path = libPods.a; sourceTree = BUILT_PRODUCTS_DIR; };
/* End PBXFileReference section */

/* Begin PBXFrameworksBuildPhase section */
		72B176D919AE277700F549C5 /* Frameworks */ = {
			isa = PBXFrameworksBuildPhase;
			buildActionMask = 2147483647;
			files = (
				72817A7019AE5CE100446FD9 /* QuartzCore.framework in Frameworks */,
				72B176E219AE277700F549C5 /* CoreGraphics.framework in Frameworks */,
				72B176E419AE277700F549C5 /* UIKit.framework in Frameworks */,
				72B176E019AE277700F549C5 /* Foundation.framework in Frameworks */,
				4E908AEEACDF49E28B3408C4 /* libPods.a in Frameworks */,
			);
			runOnlyForDeploymentPostprocessing = 0;
		};
		72B176FD19AE277700F549C5 /* Frameworks */ = {
			isa = PBXFrameworksBuildPhase;
			buildActionMask = 2147483647;
			files = (
				72B1770219AE277700F549C5 /* XCTest.framework in Frameworks */,
				72B1770419AE277700F549C5 /* UIKit.framework in Frameworks */,
				72B1770319AE277700F549C5 /* Foundation.framework in Frameworks */,
			);
			runOnlyForDeploymentPostprocessing = 0;
		};
/* End PBXFrameworksBuildPhase section */

/* Begin PBXGroup section */
		7208119919B0C6ED009D91E1 /* MZFormSheetController */ = {
			isa = PBXGroup;
			children = (
				7208119A19B0C6ED009D91E1 /* Additional */,
				7208119F19B0C6ED009D91E1 /* MZFormSheetBackgroundWindow.h */,
				720811A019B0C6ED009D91E1 /* MZFormSheetBackgroundWindow.m */,
				720811A119B0C6ED009D91E1 /* MZFormSheetBackgroundWindowViewController.h */,
				720811A219B0C6ED009D91E1 /* MZFormSheetBackgroundWindowViewController.m */,
				720811A319B0C6ED009D91E1 /* MZFormSheetController.h */,
				720811A419B0C6ED009D91E1 /* MZFormSheetController.m */,
				720811A519B0C6ED009D91E1 /* MZFormSheetSegue.h */,
				720811A619B0C6ED009D91E1 /* MZFormSheetSegue.m */,
				720811A719B0C6ED009D91E1 /* MZTransition.h */,
				720811A819B0C6ED009D91E1 /* MZTransition.m */,
				720811A919B0C6ED009D91E1 /* UIImage+Additional.h */,
				720811AA19B0C6ED009D91E1 /* UIImage+Additional.m */,
				720811AB19B0C6ED009D91E1 /* UIViewController+TargetViewController.h */,
				720811AC19B0C6ED009D91E1 /* UIViewController+TargetViewController.m */,
			);
			path = MZFormSheetController;
			sourceTree = "<group>";
		};
		7208119A19B0C6ED009D91E1 /* Additional */ = {
			isa = PBXGroup;
			children = (
				7208119B19B0C6ED009D91E1 /* MZAppearance.h */,
				7208119C19B0C6ED009D91E1 /* MZAppearance.m */,
				7208119D19B0C6ED009D91E1 /* NSInvocation+Copy.h */,
				7208119E19B0C6ED009D91E1 /* NSInvocation+Copy.m */,
			);
			path = Additional;
			sourceTree = "<group>";
		};
		72817A7E19AE6A1500446FD9 /* Utils */ = {
			isa = PBXGroup;
			children = (
				72817A7F19AE6A1500446FD9 /* Defines.h */,
				72817A8019AE6A1500446FD9 /* Defines.m */,
				72817A8119AE6A1500446FD9 /* Extensions.h */,
				72817A8219AE6A1500446FD9 /* Extensions.m */,
				72817A8319AE6A1500446FD9 /* Utils.h */,
				72817A8419AE6A1500446FD9 /* Utils.m */,
				729E852519AF782E0057DF1C /* CMEPUtils.h */,
				729E852619AF782E0057DF1C /* CMEPUtils.m */,
			);
			name = Utils;
			path = CMEP/Utils;
			sourceTree = "<group>";
		};
		72817A8819AE6B1200446FD9 /* Views */ = {
			isa = PBXGroup;
			children = (
				729E851D19AE6E000057DF1C /* HomeTableViewCell.h */,
				729E851E19AE6E000057DF1C /* HomeTableViewCell.m */,
				729E853219AFB0BA0057DF1C /* ScheduleCell.h */,
				729E853319AFB0BA0057DF1C /* ScheduleCell.m */,
				725F27EB19B09CE6005FE5BD /* ScheduleCell.xib */,
				729E853519AFB5760057DF1C /* ScheduleBallonView.h */,
				729E853619AFB5760057DF1C /* ScheduleBallonView.m */,
				729E853819AFB5890057DF1C /* ScheduleBallonView.xib */,
				72BEE26119B0A2780075AE36 /* BallonTextContainer.xib */,
				72BEE26319B0A30D0075AE36 /* BallonTextContainer.h */,
				72BEE26419B0A30D0075AE36 /* BallonTextContainer.m */,
				72BEE26919B0B21F0075AE36 /* InformationTableViewCell.h */,
				72BEE26A19B0B21F0075AE36 /* InformationTableViewCell.m */,
			);
			name = Views;
			sourceTree = "<group>";
		};
		729E852E19AFB06A0057DF1C /* Models */ = {
			isa = PBXGroup;
			children = (
				729E852F19AFB0910057DF1C /* ScheduleModel.h */,
				729E853019AFB0910057DF1C /* ScheduleModel.m */,
			);
			name = Models;
			sourceTree = "<group>";
		};
		729E854019AFC7AD0057DF1C /* Managers */ = {
			isa = PBXGroup;
			children = (
				729E854119AFC80A0057DF1C /* FakeModelManager.h */,
				729E854219AFC80A0057DF1C /* FakeModelManager.m */,
			);
			name = Managers;
			sourceTree = "<group>";
		};
		72B176D319AE277700F549C5 = {
			isa = PBXGroup;
			children = (
				729E854019AFC7AD0057DF1C /* Managers */,
				729E852E19AFB06A0057DF1C /* Models */,
				720811B919B0D6A2009D91E1 /* Files */,
				729E852319AF72910057DF1C /* WebPages */,
				72817A8819AE6B1200446FD9 /* Views */,
				72817A7E19AE6A1500446FD9 /* Utils */,
				72B1772919AE467D00F549C5 /* Images */,
				72B1772219AE417700F549C5 /* ViewsControllers */,
				72B1771719AE406E00F549C5 /* External */,
				72B176E519AE277700F549C5 /* CMEP */,
				72B1770719AE277700F549C5 /* CMEPTests */,
				72B176DE19AE277700F549C5 /* Frameworks */,
				72B176DD19AE277700F549C5 /* Products */,
				BCD35203496A47D9B7EEE6EA /* Pods.xcconfig */,
			);
			sourceTree = "<group>";
		};
		72B176DD19AE277700F549C5 /* Products */ = {
			isa = PBXGroup;
			children = (
				72B176DC19AE277700F549C5 /* CMEP.app */,
				72B1770019AE277700F549C5 /* CMEPTests.xctest */,
			);
			name = Products;
			sourceTree = "<group>";
		};
		72B176DE19AE277700F549C5 /* Frameworks */ = {
			isa = PBXGroup;
			children = (
				72817A6F19AE5CE100446FD9 /* QuartzCore.framework */,
				72B176DF19AE277700F549C5 /* Foundation.framework */,
				72B176E119AE277700F549C5 /* CoreGraphics.framework */,
				72B176E319AE277700F549C5 /* UIKit.framework */,
				72B1770119AE277700F549C5 /* XCTest.framework */,
				F04A8D4A74A74AFA84025C06 /* libPods.a */,
			);
			name = Frameworks;
			sourceTree = "<group>";
		};
		72B176E519AE277700F549C5 /* CMEP */ = {
			isa = PBXGroup;
			children = (
				72B176EE19AE277700F549C5 /* AppDelegate.h */,
				72B176EF19AE277700F549C5 /* AppDelegate.m */,
				72B176F119AE277700F549C5 /* Main_iPhone.storyboard */,
				72B176F419AE277700F549C5 /* Main_iPad.storyboard */,
				72B176F719AE277700F549C5 /* ViewController.h */,
				72B176F819AE277700F549C5 /* ViewController.m */,
				72B176FA19AE277700F549C5 /* Images.xcassets */,
				72B176E619AE277700F549C5 /* Supporting Files */,
			);
			path = CMEP;
			sourceTree = "<group>";
		};
		72B176E619AE277700F549C5 /* Supporting Files */ = {
			isa = PBXGroup;
			children = (
				72B176E719AE277700F549C5 /* CMEP-Info.plist */,
				72B176E819AE277700F549C5 /* InfoPlist.strings */,
				72B176EB19AE277700F549C5 /* main.m */,
				72B176ED19AE277700F549C5 /* CMEP-Prefix.pch */,
			);
			name = "Supporting Files";
			sourceTree = "<group>";
		};
		72B1770719AE277700F549C5 /* CMEPTests */ = {
			isa = PBXGroup;
			children = (
				72B1770D19AE277700F549C5 /* CMEPTests.m */,
				72B1770819AE277700F549C5 /* Supporting Files */,
			);
			path = CMEPTests;
			sourceTree = "<group>";
		};
		72B1770819AE277700F549C5 /* Supporting Files */ = {
			isa = PBXGroup;
			children = (
				72B1770919AE277700F549C5 /* CMEPTests-Info.plist */,
				72B1770A19AE277700F549C5 /* InfoPlist.strings */,
			);
			name = "Supporting Files";
			sourceTree = "<group>";
		};
		72B1771719AE406E00F549C5 /* External */ = {
			isa = PBXGroup;
			children = (
				7208119919B0C6ED009D91E1 /* MZFormSheetController */,
				72B1771819AE406E00F549C5 /* ViewDeck */,
			);
			name = External;
			path = CMEP/External;
			sourceTree = "<group>";
		};
		72B1771819AE406E00F549C5 /* ViewDeck */ = {
			isa = PBXGroup;
			children = (
				72B1771919AE406E00F549C5 /* IISideController.h */,
				72B1771A19AE406E00F549C5 /* IISideController.m */,
				72B1771B19AE406E00F549C5 /* IIViewDeckController.h */,
				72B1771C19AE406E00F549C5 /* IIViewDeckController.m */,
				72B1771D19AE406E00F549C5 /* IIWrapController.h */,
				72B1771E19AE406E00F549C5 /* IIWrapController.m */,
			);
			path = ViewDeck;
			sourceTree = "<group>";
		};
		72B1772219AE417700F549C5 /* ViewsControllers */ = {
			isa = PBXGroup;
			children = (
				72B1772319AE41A500F549C5 /* HomeViewController.h */,
				72B1772419AE41A500F549C5 /* HomeViewController.m */,
				72B1772619AE426F00F549C5 /* MenuViewController.h */,
				72B1772719AE426F00F549C5 /* MenuViewController.m */,
				72817A6C19AE52F700446FD9 /* PresentationViewController.h */,
				72817A6D19AE52F700446FD9 /* PresentationViewController.m */,
				729E852819AF89AB0057DF1C /* PresentationAboutViewController.h */,
				729E852919AF89AB0057DF1C /* PresentationAboutViewController.m */,
				729E852B19AFA7B20057DF1C /* ScheduleViewController.h */,
				729E852C19AFA7B20057DF1C /* ScheduleViewController.m */,
				72BEE26619B0B0E70075AE36 /* InformationsViewController.h */,
				72BEE26719B0B0E70075AE36 /* InformationsViewController.m */,
				7208119419B0C5C6009D91E1 /* SponsorViewController.h */,
				7208119519B0C5C6009D91E1 /* SponsorViewController.m */,
				720811B619B0CB5A009D91E1 /* MapViewController.h */,
				720811B719B0CB5A009D91E1 /* MapViewController.m */,
			);
			name = ViewsControllers;
			sourceTree = "<group>";
		};
		72B1772919AE467D00F549C5 /* Images */ = {
			isa = PBXGroup;
			children = (
				729E853A19AFB9820057DF1C /* arrow.png */,
				729E853B19AFB9820057DF1C /* base_ballon.png */,
				729E853C19AFB9820057DF1C /* top_ballon.png */,
				72B1772A19AE467D00F549C5 /* bg_menu@2x.png */,
				72B1772B19AE467D00F549C5 /* bg_topo_home@2x.png */,
				72B1772C19AE467D00F549C5 /* bg_topo_pag_conteudo@2x.png */,
				72B1772D19AE467D00F549C5 /* btn_verde@2x.png */,
				72B1772E19AE467D00F549C5 /* icon_avaliacao@2x.png */,
				72B1772F19AE467D00F549C5 /* icon_menu@2x.png */,
				72B1773019AE467D00F549C5 /* icon_menu_white@2x.png */,
				72B1773119AE467D00F549C5 /* icon_networking@2x.png */,
				72B1773219AE467D00F549C5 /* icon_palestrantes@2x.png */,
				72B1773319AE467D00F549C5 /* icon_programacao@2x.png */,
				72B1773419AE467D00F549C5 /* icon_voltar@2x.png */,
				72B1773519AE467D00F549C5 /* logo_abecs@2x.png */,
				72B1773619AE467D00F549C5 /* logo_abecs_apresentacao@2x.png */,
				72B1773719AE467D00F549C5 /* logo_abecs_pag_conteudo@2x.png */,
				72B1773819AE467D00F549C5 /* logo_cmep@2x.png */,
				72B1773919AE467D00F549C5 /* logo_cmep_pag_apresentacao@2x.png */,
				72B1773A19AE467D00F549C5 /* seta_menu@2x.png */,
				72B1773B19AE467D00F549C5 /* sombra@2x.png */,
			);
			name = Images;
			path = CMEP/Images;
			sourceTree = "<group>";
		};
/* End PBXGroup section */

/* Begin PBXNativeTarget section */
		72B176DB19AE277700F549C5 /* CMEP */ = {
			isa = PBXNativeTarget;
			buildConfigurationList = 72B1771119AE277700F549C5 /* Build configuration list for PBXNativeTarget "CMEP" */;
			buildPhases = (
				6B8071022A1948D7B9FB7424 /* Check Pods Manifest.lock */,
				72B176D819AE277700F549C5 /* Sources */,
				72B176D919AE277700F549C5 /* Frameworks */,
				72B176DA19AE277700F549C5 /* Resources */,
				6B64A62A3EC24717B398FCB6 /* Copy Pods Resources */,
			);
			buildRules = (
			);
			dependencies = (
			);
			name = CMEP;
			productName = CMEP;
			productReference = 72B176DC19AE277700F549C5 /* CMEP.app */;
			productType = "com.apple.product-type.application";
		};
		72B176FF19AE277700F549C5 /* CMEPTests */ = {
			isa = PBXNativeTarget;
			buildConfigurationList = 72B1771419AE277700F549C5 /* Build configuration list for PBXNativeTarget "CMEPTests" */;
			buildPhases = (
				72B176FC19AE277700F549C5 /* Sources */,
				72B176FD19AE277700F549C5 /* Frameworks */,
				72B176FE19AE277700F549C5 /* Resources */,
			);
			buildRules = (
			);
			dependencies = (
				72B1770619AE277700F549C5 /* PBXTargetDependency */,
			);
			name = CMEPTests;
			productName = CMEPTests;
			productReference = 72B1770019AE277700F549C5 /* CMEPTests.xctest */;
			productType = "com.apple.product-type.bundle.unit-test";
		};
/* End PBXNativeTarget section */

/* Begin PBXProject section */
		72B176D419AE277700F549C5 /* Project object */ = {
			isa = PBXProject;
			attributes = {
				LastUpgradeCheck = 0510;
				ORGANIZATIONNAME = renanvs;
				TargetAttributes = {
					72B176FF19AE277700F549C5 = {
						TestTargetID = 72B176DB19AE277700F549C5;
					};
				};
			};
			buildConfigurationList = 72B176D719AE277700F549C5 /* Build configuration list for PBXProject "CMEP" */;
			compatibilityVersion = "Xcode 3.2";
			developmentRegion = English;
			hasScannedForEncodings = 0;
			knownRegions = (
				en,
				Base,
			);
			mainGroup = 72B176D319AE277700F549C5;
			productRefGroup = 72B176DD19AE277700F549C5 /* Products */;
			projectDirPath = "";
			projectRoot = "";
			targets = (
				72B176DB19AE277700F549C5 /* CMEP */,
				72B176FF19AE277700F549C5 /* CMEPTests */,
			);
		};
/* End PBXProject section */

/* Begin PBXResourcesBuildPhase section */
		72B176DA19AE277700F549C5 /* Resources */ = {
			isa = PBXResourcesBuildPhase;
			buildActionMask = 2147483647;
			files = (
				72B1774019AE467D00F549C5 /* icon_avaliacao@2x.png in Resources */,
				72B1774419AE467D00F549C5 /* icon_palestrantes@2x.png in Resources */,
				72B1774D19AE467D00F549C5 /* sombra@2x.png in Resources */,
				72BEE26219B0A2780075AE36 /* BallonTextContainer.xib in Resources */,
				729E853F19AFB9820057DF1C /* top_ballon.png in Resources */,
				729E853D19AFB9820057DF1C /* arrow.png in Resources */,
				72B1773D19AE467D00F549C5 /* bg_topo_home@2x.png in Resources */,
				72B1773C19AE467D00F549C5 /* bg_menu@2x.png in Resources */,
				72B1774319AE467D00F549C5 /* icon_networking@2x.png in Resources */,
				72B1773E19AE467D00F549C5 /* bg_topo_pag_conteudo@2x.png in Resources */,
				72B1774919AE467D00F549C5 /* logo_abecs_pag_conteudo@2x.png in Resources */,
				72B1774619AE467D00F549C5 /* icon_voltar@2x.png in Resources */,
				720811BA19B0D6A2009D91E1 /* Files in Resources */,
				72B176F619AE277700F549C5 /* Main_iPad.storyboard in Resources */,
				72B1774A19AE467D00F549C5 /* logo_cmep@2x.png in Resources */,
				72B1774219AE467D00F549C5 /* icon_menu_white@2x.png in Resources */,
				725F27EC19B09CE6005FE5BD /* ScheduleCell.xib in Resources */,
				72B1774C19AE467D00F549C5 /* seta_menu@2x.png in Resources */,
				72B1774519AE467D00F549C5 /* icon_programacao@2x.png in Resources */,
				72B176FB19AE277700F549C5 /* Images.xcassets in Resources */,
				729E853919AFB5890057DF1C /* ScheduleBallonView.xib in Resources */,
				72B1774819AE467D00F549C5 /* logo_abecs_apresentacao@2x.png in Resources */,
				72B176F319AE277700F549C5 /* Main_iPhone.storyboard in Resources */,
				72B1774719AE467D00F549C5 /* logo_abecs@2x.png in Resources */,
				72B1773F19AE467D00F549C5 /* btn_verde@2x.png in Resources */,
				72B1774B19AE467D00F549C5 /* logo_cmep_pag_apresentacao@2x.png in Resources */,
				729E853E19AFB9820057DF1C /* base_ballon.png in Resources */,
				72B1774119AE467D00F549C5 /* icon_menu@2x.png in Resources */,
				72B176EA19AE277700F549C5 /* InfoPlist.strings in Resources */,
				729E852419AF72910057DF1C /* WebPages in Resources */,
			);
			runOnlyForDeploymentPostprocessing = 0;
		};
		72B176FE19AE277700F549C5 /* Resources */ = {
			isa = PBXResourcesBuildPhase;
			buildActionMask = 2147483647;
			files = (
				72B1770C19AE277700F549C5 /* InfoPlist.strings in Resources */,
			);
			runOnlyForDeploymentPostprocessing = 0;
		};
/* End PBXResourcesBuildPhase section */

/* Begin PBXShellScriptBuildPhase section */
		6B64A62A3EC24717B398FCB6 /* Copy Pods Resources */ = {
			isa = PBXShellScriptBuildPhase;
			buildActionMask = 2147483647;
			files = (
			);
			inputPaths = (
			);
			name = "Copy Pods Resources";
			outputPaths = (
			);
			runOnlyForDeploymentPostprocessing = 0;
			shellPath = /bin/sh;
			shellScript = "\"${SRCROOT}/Pods/Pods-resources.sh\"\n";
			showEnvVarsInLog = 0;
		};
		6B8071022A1948D7B9FB7424 /* Check Pods Manifest.lock */ = {
			isa = PBXShellScriptBuildPhase;
			buildActionMask = 2147483647;
			files = (
			);
			inputPaths = (
			);
			name = "Check Pods Manifest.lock";
			outputPaths = (
			);
			runOnlyForDeploymentPostprocessing = 0;
			shellPath = /bin/sh;
			shellScript = "diff \"${PODS_ROOT}/../Podfile.lock\" \"${PODS_ROOT}/Manifest.lock\" > /dev/null\nif [[ $? != 0 ]] ; then\n    cat << EOM\nerror: The sandbox is not in sync with the Podfile.lock. Run 'pod install' or update your CocoaPods installation.\nEOM\n    exit 1\nfi\n";
			showEnvVarsInLog = 0;
		};
/* End PBXShellScriptBuildPhase section */

/* Begin PBXSourcesBuildPhase section */
		72B176D819AE277700F549C5 /* Sources */ = {
			isa = PBXSourcesBuildPhase;
			buildActionMask = 2147483647;
			files = (
				729E853719AFB5760057DF1C /* ScheduleBallonView.m in Sources */,
				720811B019B0C6ED009D91E1 /* MZFormSheetBackgroundWindowViewController.m in Sources */,
				720811B119B0C6ED009D91E1 /* MZFormSheetController.m in Sources */,
				72BEE26819B0B0E70075AE36 /* InformationsViewController.m in Sources */,
				72B1771F19AE406E00F549C5 /* IISideController.m in Sources */,
				72B176F919AE277700F549C5 /* ViewController.m in Sources */,
				720811B319B0C6ED009D91E1 /* MZTransition.m in Sources */,
				729E851F19AE6E000057DF1C /* HomeTableViewCell.m in Sources */,
				7208119619B0C5C6009D91E1 /* SponsorViewController.m in Sources */,
				729E854319AFC80A0057DF1C /* FakeModelManager.m in Sources */,
				72B1772019AE406E00F549C5 /* IIViewDeckController.m in Sources */,
				72BEE26519B0A30D0075AE36 /* BallonTextContainer.m in Sources */,
				72817A8719AE6A1500446FD9 /* Utils.m in Sources */,
				729E852A19AF89AB0057DF1C /* PresentationAboutViewController.m in Sources */,
				72817A8619AE6A1500446FD9 /* Extensions.m in Sources */,
				720811B819B0CB5A009D91E1 /* MapViewController.m in Sources */,
				72B1772819AE426F00F549C5 /* MenuViewController.m in Sources */,
				720811AD19B0C6ED009D91E1 /* MZAppearance.m in Sources */,
				729E853419AFB0BA0057DF1C /* ScheduleCell.m in Sources */,
				720811AE19B0C6ED009D91E1 /* NSInvocation+Copy.m in Sources */,
				720811B519B0C6ED009D91E1 /* UIViewController+TargetViewController.m in Sources */,
				729E853119AFB0910057DF1C /* ScheduleModel.m in Sources */,
				720811B419B0C6ED009D91E1 /* UIImage+Additional.m in Sources */,
				720811AF19B0C6ED009D91E1 /* MZFormSheetBackgroundWindow.m in Sources */,
				720811B219B0C6ED009D91E1 /* MZFormSheetSegue.m in Sources */,
				72B176F019AE277700F549C5 /* AppDelegate.m in Sources */,
				72817A8519AE6A1500446FD9 /* Defines.m in Sources */,
				72B176EC19AE277700F549C5 /* main.m in Sources */,
				729E852719AF782E0057DF1C /* CMEPUtils.m in Sources */,
				72B1772519AE41A500F549C5 /* HomeViewController.m in Sources */,
				72B1772119AE406E00F549C5 /* IIWrapController.m in Sources */,
				72817A6E19AE52F700446FD9 /* PresentationViewController.m in Sources */,
				72BEE26B19B0B21F0075AE36 /* InformationTableViewCell.m in Sources */,
				729E852D19AFA7B20057DF1C /* ScheduleViewController.m in Sources */,
			);
			runOnlyForDeploymentPostprocessing = 0;
		};
		72B176FC19AE277700F549C5 /* Sources */ = {
			isa = PBXSourcesBuildPhase;
			buildActionMask = 2147483647;
			files = (
				72B1770E19AE277700F549C5 /* CMEPTests.m in Sources */,
			);
			runOnlyForDeploymentPostprocessing = 0;
		};
/* End PBXSourcesBuildPhase section */

/* Begin PBXTargetDependency section */
		72B1770619AE277700F549C5 /* PBXTargetDependency */ = {
			isa = PBXTargetDependency;
			target = 72B176DB19AE277700F549C5 /* CMEP */;
			targetProxy = 72B1770519AE277700F549C5 /* PBXContainerItemProxy */;
		};
/* End PBXTargetDependency section */

/* Begin PBXVariantGroup section */
		72B176E819AE277700F549C5 /* InfoPlist.strings */ = {
			isa = PBXVariantGroup;
			children = (
				72B176E919AE277700F549C5 /* en */,
			);
			name = InfoPlist.strings;
			sourceTree = "<group>";
		};
		72B176F119AE277700F549C5 /* Main_iPhone.storyboard */ = {
			isa = PBXVariantGroup;
			children = (
				72B176F219AE277700F549C5 /* Base */,
			);
			name = Main_iPhone.storyboard;
			sourceTree = "<group>";
		};
		72B176F419AE277700F549C5 /* Main_iPad.storyboard */ = {
			isa = PBXVariantGroup;
			children = (
				72B176F519AE277700F549C5 /* Base */,
			);
			name = Main_iPad.storyboard;
			sourceTree = "<group>";
		};
		72B1770A19AE277700F549C5 /* InfoPlist.strings */ = {
			isa = PBXVariantGroup;
			children = (
				72B1770B19AE277700F549C5 /* en */,
			);
			name = InfoPlist.strings;
			sourceTree = "<group>";
		};
/* End PBXVariantGroup section */

/* Begin XCBuildConfiguration section */
		72B1770F19AE277700F549C5 /* Debug */ = {
			isa = XCBuildConfiguration;
			buildSettings = {
				ALWAYS_SEARCH_USER_PATHS = NO;
				CLANG_CXX_LANGUAGE_STANDARD = "gnu++0x";
				CLANG_CXX_LIBRARY = "libc++";
				CLANG_ENABLE_MODULES = YES;
				CLANG_ENABLE_OBJC_ARC = YES;
				CLANG_WARN_BOOL_CONVERSION = YES;
				CLANG_WARN_CONSTANT_CONVERSION = YES;
				CLANG_WARN_DIRECT_OBJC_ISA_USAGE = YES_ERROR;
				CLANG_WARN_EMPTY_BODY = YES;
				CLANG_WARN_ENUM_CONVERSION = YES;
				CLANG_WARN_INT_CONVERSION = YES;
				CLANG_WARN_OBJC_ROOT_CLASS = YES_ERROR;
				CLANG_WARN__DUPLICATE_METHOD_MATCH = YES;
				"CODE_SIGN_IDENTITY[sdk=iphoneos*]" = "iPhone Developer";
				COPY_PHASE_STRIP = NO;
				GCC_C_LANGUAGE_STANDARD = gnu99;
				GCC_DYNAMIC_NO_PIC = NO;
				GCC_OPTIMIZATION_LEVEL = 0;
				GCC_PREPROCESSOR_DEFINITIONS = (
					"DEBUG=1",
					"$(inherited)",
				);
				GCC_SYMBOLS_PRIVATE_EXTERN = NO;
				GCC_WARN_64_TO_32_BIT_CONVERSION = YES;
				GCC_WARN_ABOUT_RETURN_TYPE = YES_ERROR;
				GCC_WARN_UNDECLARED_SELECTOR = YES;
				GCC_WARN_UNINITIALIZED_AUTOS = YES_AGGRESSIVE;
				GCC_WARN_UNUSED_FUNCTION = YES;
				GCC_WARN_UNUSED_VARIABLE = YES;
				IPHONEOS_DEPLOYMENT_TARGET = 7.1;
				ONLY_ACTIVE_ARCH = YES;
				SDKROOT = iphoneos;
				TARGETED_DEVICE_FAMILY = "1,2";
			};
			name = Debug;
		};
		72B1771019AE277700F549C5 /* Release */ = {
			isa = XCBuildConfiguration;
			buildSettings = {
				ALWAYS_SEARCH_USER_PATHS = NO;
				CLANG_CXX_LANGUAGE_STANDARD = "gnu++0x";
				CLANG_CXX_LIBRARY = "libc++";
				CLANG_ENABLE_MODULES = YES;
				CLANG_ENABLE_OBJC_ARC = YES;
				CLANG_WARN_BOOL_CONVERSION = YES;
				CLANG_WARN_CONSTANT_CONVERSION = YES;
				CLANG_WARN_DIRECT_OBJC_ISA_USAGE = YES_ERROR;
				CLANG_WARN_EMPTY_BODY = YES;
				CLANG_WARN_ENUM_CONVERSION = YES;
				CLANG_WARN_INT_CONVERSION = YES;
				CLANG_WARN_OBJC_ROOT_CLASS = YES_ERROR;
				CLANG_WARN__DUPLICATE_METHOD_MATCH = YES;
				"CODE_SIGN_IDENTITY[sdk=iphoneos*]" = "iPhone Developer";
				COPY_PHASE_STRIP = YES;
				ENABLE_NS_ASSERTIONS = NO;
				GCC_C_LANGUAGE_STANDARD = gnu99;
				GCC_WARN_64_TO_32_BIT_CONVERSION = YES;
				GCC_WARN_ABOUT_RETURN_TYPE = YES_ERROR;
				GCC_WARN_UNDECLARED_SELECTOR = YES;
				GCC_WARN_UNINITIALIZED_AUTOS = YES_AGGRESSIVE;
				GCC_WARN_UNUSED_FUNCTION = YES;
				GCC_WARN_UNUSED_VARIABLE = YES;
				IPHONEOS_DEPLOYMENT_TARGET = 7.1;
				SDKROOT = iphoneos;
				TARGETED_DEVICE_FAMILY = "1,2";
				VALIDATE_PRODUCT = YES;
			};
			name = Release;
		};
		72B1771219AE277700F549C5 /* Debug */ = {
			isa = XCBuildConfiguration;
			baseConfigurationReference = BCD35203496A47D9B7EEE6EA /* Pods.xcconfig */;
			buildSettings = {
				ASSETCATALOG_COMPILER_APPICON_NAME = AppIcon;
				ASSETCATALOG_COMPILER_LAUNCHIMAGE_NAME = LaunchImage;
				GCC_PRECOMPILE_PREFIX_HEADER = YES;
				GCC_PREFIX_HEADER = "CMEP/CMEP-Prefix.pch";
				INFOPLIST_FILE = "CMEP/CMEP-Info.plist";
				IPHONEOS_DEPLOYMENT_TARGET = 6.0;
				PRODUCT_NAME = "$(TARGET_NAME)";
				WRAPPER_EXTENSION = app;
			};
			name = Debug;
		};
		72B1771319AE277700F549C5 /* Release */ = {
			isa = XCBuildConfiguration;
			baseConfigurationReference = BCD35203496A47D9B7EEE6EA /* Pods.xcconfig */;
			buildSettings = {
				ASSETCATALOG_COMPILER_APPICON_NAME = AppIcon;
				ASSETCATALOG_COMPILER_LAUNCHIMAGE_NAME = LaunchImage;
				GCC_PRECOMPILE_PREFIX_HEADER = YES;
				GCC_PREFIX_HEADER = "CMEP/CMEP-Prefix.pch";
				INFOPLIST_FILE = "CMEP/CMEP-Info.plist";
				IPHONEOS_DEPLOYMENT_TARGET = 6.0;
				PRODUCT_NAME = "$(TARGET_NAME)";
				WRAPPER_EXTENSION = app;
			};
			name = Release;
		};
		72B1771519AE277700F549C5 /* Debug */ = {
			isa = XCBuildConfiguration;
			buildSettings = {
				BUNDLE_LOADER = "$(BUILT_PRODUCTS_DIR)/CMEP.app/CMEP";
				FRAMEWORK_SEARCH_PATHS = (
					"$(SDKROOT)/Developer/Library/Frameworks",
					"$(inherited)",
					"$(DEVELOPER_FRAMEWORKS_DIR)",
				);
				GCC_PRECOMPILE_PREFIX_HEADER = YES;
				GCC_PREFIX_HEADER = "CMEP/CMEP-Prefix.pch";
				GCC_PREPROCESSOR_DEFINITIONS = (
					"DEBUG=1",
					"$(inherited)",
				);
				INFOPLIST_FILE = "CMEPTests/CMEPTests-Info.plist";
				PRODUCT_NAME = "$(TARGET_NAME)";
				TEST_HOST = "$(BUNDLE_LOADER)";
				WRAPPER_EXTENSION = xctest;
			};
			name = Debug;
		};
		72B1771619AE277700F549C5 /* Release */ = {
			isa = XCBuildConfiguration;
			buildSettings = {
				BUNDLE_LOADER = "$(BUILT_PRODUCTS_DIR)/CMEP.app/CMEP";
				FRAMEWORK_SEARCH_PATHS = (
					"$(SDKROOT)/Developer/Library/Frameworks",
					"$(inherited)",
					"$(DEVELOPER_FRAMEWORKS_DIR)",
				);
				GCC_PRECOMPILE_PREFIX_HEADER = YES;
				GCC_PREFIX_HEADER = "CMEP/CMEP-Prefix.pch";
				INFOPLIST_FILE = "CMEPTests/CMEPTests-Info.plist";
				PRODUCT_NAME = "$(TARGET_NAME)";
				TEST_HOST = "$(BUNDLE_LOADER)";
				WRAPPER_EXTENSION = xctest;
			};
			name = Release;
		};
/* End XCBuildConfiguration section */

/* Begin XCConfigurationList section */
		72B176D719AE277700F549C5 /* Build configuration list for PBXProject "CMEP" */ = {
			isa = XCConfigurationList;
			buildConfigurations = (
				72B1770F19AE277700F549C5 /* Debug */,
				72B1771019AE277700F549C5 /* Release */,
			);
			defaultConfigurationIsVisible = 0;
			defaultConfigurationName = Release;
		};
		72B1771119AE277700F549C5 /* Build configuration list for PBXNativeTarget "CMEP" */ = {
			isa = XCConfigurationList;
			buildConfigurations = (
				72B1771219AE277700F549C5 /* Debug */,
				72B1771319AE277700F549C5 /* Release */,
			);
			defaultConfigurationIsVisible = 0;
			defaultConfigurationName = Release;
		};
		72B1771419AE277700F549C5 /* Build configuration list for PBXNativeTarget "CMEPTests" */ = {
			isa = XCConfigurationList;
			buildConfigurations = (
				72B1771519AE277700F549C5 /* Debug */,
				72B1771619AE277700F549C5 /* Release */,
			);
			defaultConfigurationIsVisible = 0;
			defaultConfigurationName = Release;
		};
/* End XCConfigurationList section */
	};
	rootObject = 72B176D419AE277700F549C5 /* Project object */;
}
